
Microsoft Visual Studio Solution File, Format Version 12.00
# Visual Studio 15
Project("{FAE04EC0-301F-11D3-BF4B-00C04F79EFBC}") = "ronen1", "ronen1\ronen1.csproj", "{B58A76AB-0C12-46B1-94B1-C4F78BDBBEE9}"
EndProject
Global
	GlobalSection(SolutionConfigurationPlatforms) = preSolution
		Debug|Any CPU = Debug|Any CPU
		Release|Any CPU = Release|Any CPU
	EndGlobalSection
	GlobalSection(ProjectConfigurationPlatforms) = postSolution
		{B58A76AB-0C12-46B1-94B1-C4F78BDBBEE9}.Debug|Any CPU.ActiveCfg = Debug|Any CPU
		{B58A76AB-0C12-46B1-94B1-C4F78BDBBEE9}.Debug|Any CPU.Build.0 = Debug|Any CPU
		{B58A76AB-0C12-46B1-94B1-C4F78BDBBEE9}.Release|Any CPU.ActiveCfg = Release|Any CPU
		{B58A76AB-0C12-46B1-94B1-C4F78BDBBEE9}.Release|Any CPU.Build.0 = Release|Any CPU
	EndGlobalSection
EndGlobal
